// !$*UTF8*$!
{
	archiveVersion = 1;
	classes = {
	};
	objectVersion = 46;
	objects = {

/* Begin PBXBuildFile section */
		940540E5199B914300BAD9FA /* logo.png in Resources */ = {isa = PBXBuildFile; fileRef = 940540E4199B914300BAD9FA /* logo.png */; };
		9425C848199BC41D000053AD /* Icon-40.png in Resources */ = {isa = PBXBuildFile; fileRef = 9425C838199BC41D000053AD /* Icon-40.png */; };
		9425C849199BC41D000053AD /* Icon-40@2x.png in Resources */ = {isa = PBXBuildFile; fileRef = 9425C839199BC41D000053AD /* Icon-40@2x.png */; };
		9425C84A199BC41D000053AD /* Icon-60.png in Resources */ = {isa = PBXBuildFile; fileRef = 9425C83A199BC41D000053AD /* Icon-60.png */; };
		9425C84B199BC41D000053AD /* Icon-60@2x.png in Resources */ = {isa = PBXBuildFile; fileRef = 9425C83B199BC41D000053AD /* Icon-60@2x.png */; };
		9425C84C199BC41D000053AD /* Icon-72.png in Resources */ = {isa = PBXBuildFile; fileRef = 9425C83C199BC41D000053AD /* Icon-72.png */; };
		9425C84D199BC41D000053AD /* Icon-72@2x.png in Resources */ = {isa = PBXBuildFile; fileRef = 9425C83D199BC41D000053AD /* Icon-72@2x.png */; };
		9425C84E199BC41D000053AD /* Icon-76.png in Resources */ = {isa = PBXBuildFile; fileRef = 9425C83E199BC41D000053AD /* Icon-76.png */; };
		9425C84F199BC41D000053AD /* Icon-76@2x.png in Resources */ = {isa = PBXBuildFile; fileRef = 9425C83F199BC41D000053AD /* Icon-76@2x.png */; };
		9425C850199BC41D000053AD /* Icon-Small-50.png in Resources */ = {isa = PBXBuildFile; fileRef = 9425C840199BC41D000053AD /* Icon-Small-50.png */; };
		9425C851199BC41D000053AD /* Icon-Small-50@2x.png in Resources */ = {isa = PBXBuildFile; fileRef = 9425C841199BC41D000053AD /* Icon-Small-50@2x.png */; };
		9425C852199BC41D000053AD /* Icon-Small.png in Resources */ = {isa = PBXBuildFile; fileRef = 9425C842199BC41D000053AD /* Icon-Small.png */; };
		9425C853199BC41D000053AD /* Icon-Small@2x.png in Resources */ = {isa = PBXBuildFile; fileRef = 9425C843199BC41D000053AD /* Icon-Small@2x.png */; };
		9425C854199BC41D000053AD /* Icon.png in Resources */ = {isa = PBXBuildFile; fileRef = 9425C844199BC41D000053AD /* Icon.png */; };
		9425C855199BC41D000053AD /* Icon@2x.png in Resources */ = {isa = PBXBuildFile; fileRef = 9425C845199BC41D000053AD /* Icon@2x.png */; };
		9425C856199BC41D000053AD /* iTunesArtwork.png in Resources */ = {isa = PBXBuildFile; fileRef = 9425C846199BC41D000053AD /* iTunesArtwork.png */; };
		9425C857199BC41D000053AD /* iTunesArtwork@2x.png in Resources */ = {isa = PBXBuildFile; fileRef = 9425C847199BC41D000053AD /* iTunesArtwork@2x.png */; };
		94AB1C771A975FE000F6A8CB /* AdColony.framework in Frameworks */ = {isa = PBXBuildFile; fileRef = 94AB1C3E1A975FE000F6A8CB /* AdColony.framework */; };
		94AB1C781A975FE000F6A8CB /* libAppLovinSdk.a in Frameworks */ = {isa = PBXBuildFile; fileRef = 94AB1C521A975FE000F6A8CB /* libAppLovinSdk.a */; };
		94AB1C791A975FE000F6A8CB /* Chartboost.framework in Frameworks */ = {isa = PBXBuildFile; fileRef = 94AB1C531A975FE000F6A8CB /* Chartboost.framework */; };
		94AB1C7A1A975FE000F6A8CB /* GoogleMobileAds.framework in Frameworks */ = {isa = PBXBuildFile; fileRef = 94AB1C551A975FE000F6A8CB /* GoogleMobileAds.framework */; };
		94AB1C7B1A975FE000F6A8CB /* README.txt in Resources */ = {isa = PBXBuildFile; fileRef = 94AB1C561A975FE000F6A8CB /* README.txt */; };
		94AB1C7C1A975FE000F6A8CB /* libInMobi-4.5.1.a in Frameworks */ = {isa = PBXBuildFile; fileRef = 94AB1C641A975FE000F6A8CB /* libInMobi-4.5.1.a */; };
		94AB1C7D1A975FE000F6A8CB /* RevMobAds.framework in Frameworks */ = {isa = PBXBuildFile; fileRef = 94AB1C651A975FE000F6A8CB /* RevMobAds.framework */; };
		94AB1C7E1A975FE000F6A8CB /* StartApp.bundle in Resources */ = {isa = PBXBuildFile; fileRef = 94AB1C671A975FE000F6A8CB /* StartApp.bundle */; };
		94AB1C7F1A975FE000F6A8CB /* StartApp.framework in Frameworks */ = {isa = PBXBuildFile; fileRef = 94AB1C681A975FE000F6A8CB /* StartApp.framework */; };
		94AB1C801A975FE100F6A8CB /* __vungle.db in Resources */ = {isa = PBXBuildFile; fileRef = 94AB1C6B1A975FE000F6A8CB /* __vungle.db */; };
		94AB1C811A975FE100F6A8CB /* vg_close.png in Resources */ = {isa = PBXBuildFile; fileRef = 94AB1C6C1A975FE000F6A8CB /* vg_close.png */; };
		94AB1C821A975FE100F6A8CB /* vg_cta.png in Resources */ = {isa = PBXBuildFile; fileRef = 94AB1C6D1A975FE000F6A8CB /* vg_cta.png */; };
		94AB1C831A975FE100F6A8CB /* vg_mute_off.png in Resources */ = {isa = PBXBuildFile; fileRef = 94AB1C6E1A975FE000F6A8CB /* vg_mute_off.png */; };
		94AB1C841A975FE100F6A8CB /* vg_mute_on.png in Resources */ = {isa = PBXBuildFile; fileRef = 94AB1C6F1A975FE000F6A8CB /* vg_mute_on.png */; };
		94AB1C851A975FE100F6A8CB /* vg_timer.png in Resources */ = {isa = PBXBuildFile; fileRef = 94AB1C701A975FE000F6A8CB /* vg_timer.png */; };
		94AB1C861A975FE100F6A8CB /* VungleSDK.framework in Frameworks */ = {isa = PBXBuildFile; fileRef = 94AB1C711A975FE000F6A8CB /* VungleSDK.framework */; };
		94AB1C871A975FE100F6A8CB /* AdNetworks.txt in Resources */ = {isa = PBXBuildFile; fileRef = 94AB1C721A975FE000F6A8CB /* AdNetworks.txt */; };
		94AB1C881A975FE100F6A8CB /* Changelog.txt in Resources */ = {isa = PBXBuildFile; fileRef = 94AB1C741A975FE000F6A8CB /* Changelog.txt */; };
		94AB1C891A975FE100F6A8CB /* libAdTapsy_device.a in Frameworks */ = {isa = PBXBuildFile; fileRef = 94AB1C751A975FE000F6A8CB /* libAdTapsy_device.a */; };
		94AB1C8A1A975FE100F6A8CB /* libAdTapsy_simulator.a in Frameworks */ = {isa = PBXBuildFile; fileRef = 94AB1C761A975FE000F6A8CB /* libAdTapsy_simulator.a */; };
		94AB1C8C1A97605600F6A8CB /* WebKit.framework in Frameworks */ = {isa = PBXBuildFile; fileRef = 94AB1C8B1A97605600F6A8CB /* WebKit.framework */; settings = {ATTRIBUTES = (Weak, ); }; };
		94C25A5C1947AC9300E48B73 /* Foundation.framework in Frameworks */ = {isa = PBXBuildFile; fileRef = 94C25A5B1947AC9300E48B73 /* Foundation.framework */; };
		94C25A5E1947AC9300E48B73 /* CoreGraphics.framework in Frameworks */ = {isa = PBXBuildFile; fileRef = 94C25A5D1947AC9300E48B73 /* CoreGraphics.framework */; };
		94C25A601947AC9300E48B73 /* UIKit.framework in Frameworks */ = {isa = PBXBuildFile; fileRef = 94C25A5F1947AC9300E48B73 /* UIKit.framework */; };
		94C25A661947AC9300E48B73 /* InfoPlist.strings in Resources */ = {isa = PBXBuildFile; fileRef = 94C25A641947AC9300E48B73 /* InfoPlist.strings */; };
		94C25A681947AC9300E48B73 /* main.m in Sources */ = {isa = PBXBuildFile; fileRef = 94C25A671947AC9300E48B73 /* main.m */; };
		94C25A6C1947AC9300E48B73 /* AppDelegate.m in Sources */ = {isa = PBXBuildFile; fileRef = 94C25A6B1947AC9300E48B73 /* AppDelegate.m */; };
		94C25A6F1947AC9300E48B73 /* Main_iPhone.storyboard in Resources */ = {isa = PBXBuildFile; fileRef = 94C25A6D1947AC9300E48B73 /* Main_iPhone.storyboard */; };
		94C25A721947AC9300E48B73 /* Main_iPad.storyboard in Resources */ = {isa = PBXBuildFile; fileRef = 94C25A701947AC9300E48B73 /* Main_iPad.storyboard */; };
		94C25A751947AC9300E48B73 /* ViewController.m in Sources */ = {isa = PBXBuildFile; fileRef = 94C25A741947AC9300E48B73 /* ViewController.m */; };
		94C25A771947AC9300E48B73 /* Images.xcassets in Resources */ = {isa = PBXBuildFile; fileRef = 94C25A761947AC9300E48B73 /* Images.xcassets */; };
		94C25A7E1947AC9300E48B73 /* XCTest.framework in Frameworks */ = {isa = PBXBuildFile; fileRef = 94C25A7D1947AC9300E48B73 /* XCTest.framework */; };
		94C25A7F1947AC9300E48B73 /* Foundation.framework in Frameworks */ = {isa = PBXBuildFile; fileRef = 94C25A5B1947AC9300E48B73 /* Foundation.framework */; };
		94C25A801947AC9300E48B73 /* UIKit.framework in Frameworks */ = {isa = PBXBuildFile; fileRef = 94C25A5F1947AC9300E48B73 /* UIKit.framework */; };
		94C25A881947AC9300E48B73 /* InfoPlist.strings in Resources */ = {isa = PBXBuildFile; fileRef = 94C25A861947AC9300E48B73 /* InfoPlist.strings */; };
		94C25A8A1947AC9300E48B73 /* AdTapsyDemoTests.m in Sources */ = {isa = PBXBuildFile; fileRef = 94C25A891947AC9300E48B73 /* AdTapsyDemoTests.m */; };
		94C25AEC1947ADF100E48B73 /* AdSupport.framework in Frameworks */ = {isa = PBXBuildFile; fileRef = 94C25AEB1947ADF100E48B73 /* AdSupport.framework */; settings = {ATTRIBUTES = (Weak, ); }; };
		94C25AEE1947AE0900E48B73 /* SystemConfiguration.framework in Frameworks */ = {isa = PBXBuildFile; fileRef = 94C25AED1947AE0900E48B73 /* SystemConfiguration.framework */; };
		94C25AF01947AE1200E48B73 /* Security.framework in Frameworks */ = {isa = PBXBuildFile; fileRef = 94C25AEF1947AE1200E48B73 /* Security.framework */; };
		94C25AF21947AE1900E48B73 /* QuartzCore.framework in Frameworks */ = {isa = PBXBuildFile; fileRef = 94C25AF11947AE1900E48B73 /* QuartzCore.framework */; };
		94C25AF41947AE1F00E48B73 /* MessageUI.framework in Frameworks */ = {isa = PBXBuildFile; fileRef = 94C25AF31947AE1F00E48B73 /* MessageUI.framework */; };
		94C25AF61947AE2600E48B73 /* MediaPlayer.framework in Frameworks */ = {isa = PBXBuildFile; fileRef = 94C25AF51947AE2600E48B73 /* MediaPlayer.framework */; };
		94C25AF81947AE2D00E48B73 /* CoreTelephony.framework in Frameworks */ = {isa = PBXBuildFile; fileRef = 94C25AF71947AE2D00E48B73 /* CoreTelephony.framework */; };
		94C25AFA1947AE3500E48B73 /* CoreLocation.framework in Frameworks */ = {isa = PBXBuildFile; fileRef = 94C25AF91947AE3500E48B73 /* CoreLocation.framework */; };
		94C25AFC1947AE3D00E48B73 /* CoreAudio.framework in Frameworks */ = {isa = PBXBuildFile; fileRef = 94C25AFB1947AE3D00E48B73 /* CoreAudio.framework */; };
		94C25AFE1947AE4400E48B73 /* CFNetwork.framework in Frameworks */ = {isa = PBXBuildFile; fileRef = 94C25AFD1947AE4400E48B73 /* CFNetwork.framework */; };
		94C25B001947AE4A00E48B73 /* AVFoundation.framework in Frameworks */ = {isa = PBXBuildFile; fileRef = 94C25AFF1947AE4A00E48B73 /* AVFoundation.framework */; };
		94C25B021947AE5200E48B73 /* AudioToolbox.framework in Frameworks */ = {isa = PBXBuildFile; fileRef = 94C25B011947AE5200E48B73 /* AudioToolbox.framework */; };
		94C25B041947AE5B00E48B73 /* CoreMedia.framework in Frameworks */ = {isa = PBXBuildFile; fileRef = 94C25B031947AE5B00E48B73 /* CoreMedia.framework */; };
		94C25B061947AE6300E48B73 /* StoreKit.framework in Frameworks */ = {isa = PBXBuildFile; fileRef = 94C25B051947AE6300E48B73 /* StoreKit.framework */; settings = {ATTRIBUTES = (Weak, ); }; };
		94C25B081947AE6900E48B73 /* Social.framework in Frameworks */ = {isa = PBXBuildFile; fileRef = 94C25B071947AE6900E48B73 /* Social.framework */; settings = {ATTRIBUTES = (Weak, ); }; };
		94C25B0A1947AE7700E48B73 /* libz.dylib in Frameworks */ = {isa = PBXBuildFile; fileRef = 94C25B091947AE7700E48B73 /* libz.dylib */; };
		94C25B0C1947AE7E00E48B73 /* libsqlite3.0.dylib in Frameworks */ = {isa = PBXBuildFile; fileRef = 94C25B0B1947AE7E00E48B73 /* libsqlite3.0.dylib */; };
		94C25B0E1947B34C00E48B73 /* EventKit.framework in Frameworks */ = {isa = PBXBuildFile; fileRef = 94C25B0D1947B34C00E48B73 /* EventKit.framework */; };
		94C25B101947B35B00E48B73 /* CoreData.framework in Frameworks */ = {isa = PBXBuildFile; fileRef = 94C25B0F1947B35B00E48B73 /* CoreData.framework */; };
		94C25B121947B36700E48B73 /* EventKitUI.framework in Frameworks */ = {isa = PBXBuildFile; fileRef = 94C25B111947B36700E48B73 /* EventKitUI.framework */; };
/* End PBXBuildFile section */

/* Begin PBXContainerItemProxy section */
		94C25A811947AC9300E48B73 /* PBXContainerItemProxy */ = {
			isa = PBXContainerItemProxy;
			containerPortal = 94C25A501947AC9300E48B73 /* Project object */;
			proxyType = 1;
			remoteGlobalIDString = 94C25A571947AC9300E48B73;
			remoteInfo = AdTapsyDemo;
		};
/* End PBXContainerItemProxy section */

/* Begin PBXFileReference section */
		940540E4199B914300BAD9FA /* logo.png */ = {isa = PBXFileReference; lastKnownFileType = image.png; path = logo.png; sourceTree = "<group>"; };
		9425C838199BC41D000053AD /* Icon-40.png */ = {isa = PBXFileReference; lastKnownFileType = image.png; path = "Icon-40.png"; sourceTree = "<group>"; };
		9425C839199BC41D000053AD /* Icon-40@2x.png */ = {isa = PBXFileReference; lastKnownFileType = image.png; path = "Icon-40@2x.png"; sourceTree = "<group>"; };
		9425C83A199BC41D000053AD /* Icon-60.png */ = {isa = PBXFileReference; lastKnownFileType = image.png; path = "Icon-60.png"; sourceTree = "<group>"; };
		9425C83B199BC41D000053AD /* Icon-60@2x.png */ = {isa = PBXFileReference; lastKnownFileType = image.png; path = "Icon-60@2x.png"; sourceTree = "<group>"; };
		9425C83C199BC41D000053AD /* Icon-72.png */ = {isa = PBXFileReference; lastKnownFileType = image.png; path = "Icon-72.png"; sourceTree = "<group>"; };
		9425C83D199BC41D000053AD /* Icon-72@2x.png */ = {isa = PBXFileReference; lastKnownFileType = image.png; path = "Icon-72@2x.png"; sourceTree = "<group>"; };
		9425C83E199BC41D000053AD /* Icon-76.png */ = {isa = PBXFileReference; lastKnownFileType = image.png; path = "Icon-76.png"; sourceTree = "<group>"; };
		9425C83F199BC41D000053AD /* Icon-76@2x.png */ = {isa = PBXFileReference; lastKnownFileType = image.png; path = "Icon-76@2x.png"; sourceTree = "<group>"; };
		9425C840199BC41D000053AD /* Icon-Small-50.png */ = {isa = PBXFileReference; lastKnownFileType = image.png; path = "Icon-Small-50.png"; sourceTree = "<group>"; };
		9425C841199BC41D000053AD /* Icon-Small-50@2x.png */ = {isa = PBXFileReference; lastKnownFileType = image.png; path = "Icon-Small-50@2x.png"; sourceTree = "<group>"; };
		9425C842199BC41D000053AD /* Icon-Small.png */ = {isa = PBXFileReference; lastKnownFileType = image.png; path = "Icon-Small.png"; sourceTree = "<group>"; };
		9425C843199BC41D000053AD /* Icon-Small@2x.png */ = {isa = PBXFileReference; lastKnownFileType = image.png; path = "Icon-Small@2x.png"; sourceTree = "<group>"; };
		9425C844199BC41D000053AD /* Icon.png */ = {isa = PBXFileReference; lastKnownFileType = image.png; path = Icon.png; sourceTree = "<group>"; };
		9425C845199BC41D000053AD /* Icon@2x.png */ = {isa = PBXFileReference; lastKnownFileType = image.png; path = "Icon@2x.png"; sourceTree = "<group>"; };
		9425C846199BC41D000053AD /* iTunesArtwork.png */ = {isa = PBXFileReference; lastKnownFileType = image.png; path = iTunesArtwork.png; sourceTree = "<group>"; };
		9425C847199BC41D000053AD /* iTunesArtwork@2x.png */ = {isa = PBXFileReference; lastKnownFileType = image.png; path = "iTunesArtwork@2x.png"; sourceTree = "<group>"; };
		94AB1C3E1A975FE000F6A8CB /* AdColony.framework */ = {isa = PBXFileReference; lastKnownFileType = wrapper.framework; path = AdColony.framework; sourceTree = "<group>"; };
		94AB1C411A975FE000F6A8CB /* ALAd.h */ = {isa = PBXFileReference; fileEncoding = 4; lastKnownFileType = sourcecode.c.h; path = ALAd.h; sourceTree = "<group>"; };
		94AB1C421A975FE000F6A8CB /* ALAdDisplayDelegate.h */ = {isa = PBXFileReference; fileEncoding = 4; lastKnownFileType = sourcecode.c.h; path = ALAdDisplayDelegate.h; sourceTree = "<group>"; };
		94AB1C431A975FE000F6A8CB /* ALAdLoadDelegate.h */ = {isa = PBXFileReference; fileEncoding = 4; lastKnownFileType = sourcecode.c.h; path = ALAdLoadDelegate.h; sourceTree = "<group>"; };
		94AB1C441A975FE000F6A8CB /* ALAdRewardDelegate.h */ = {isa = PBXFileReference; fileEncoding = 4; lastKnownFileType = sourcecode.c.h; path = ALAdRewardDelegate.h; sourceTree = "<group>"; };
		94AB1C451A975FE000F6A8CB /* ALAdService.h */ = {isa = PBXFileReference; fileEncoding = 4; lastKnownFileType = sourcecode.c.h; path = ALAdService.h; sourceTree = "<group>"; };
		94AB1C461A975FE000F6A8CB /* ALAdSize.h */ = {isa = PBXFileReference; fileEncoding = 4; lastKnownFileType = sourcecode.c.h; path = ALAdSize.h; sourceTree = "<group>"; };
		94AB1C471A975FE000F6A8CB /* ALAdType.h */ = {isa = PBXFileReference; fileEncoding = 4; lastKnownFileType = sourcecode.c.h; path = ALAdType.h; sourceTree = "<group>"; };
		94AB1C481A975FE000F6A8CB /* ALAdUpdateDelegate.h */ = {isa = PBXFileReference; fileEncoding = 4; lastKnownFileType = sourcecode.c.h; path = ALAdUpdateDelegate.h; sourceTree = "<group>"; };
		94AB1C491A975FE000F6A8CB /* ALAdVideoPlaybackDelegate.h */ = {isa = PBXFileReference; fileEncoding = 4; lastKnownFileType = sourcecode.c.h; path = ALAdVideoPlaybackDelegate.h; sourceTree = "<group>"; };
		94AB1C4A1A975FE000F6A8CB /* ALAdView.h */ = {isa = PBXFileReference; fileEncoding = 4; lastKnownFileType = sourcecode.c.h; path = ALAdView.h; sourceTree = "<group>"; };
		94AB1C4B1A975FE000F6A8CB /* ALErrorCodes.h */ = {isa = PBXFileReference; fileEncoding = 4; lastKnownFileType = sourcecode.c.h; path = ALErrorCodes.h; sourceTree = "<group>"; };
		94AB1C4C1A975FE000F6A8CB /* ALIncentivizedInterstitialAd.h */ = {isa = PBXFileReference; fileEncoding = 4; lastKnownFileType = sourcecode.c.h; path = ALIncentivizedInterstitialAd.h; sourceTree = "<group>"; };
		94AB1C4D1A975FE000F6A8CB /* ALInterstitialAd.h */ = {isa = PBXFileReference; fileEncoding = 4; lastKnownFileType = sourcecode.c.h; path = ALInterstitialAd.h; sourceTree = "<group>"; };
		94AB1C4E1A975FE000F6A8CB /* ALSdk.h */ = {isa = PBXFileReference; fileEncoding = 4; lastKnownFileType = sourcecode.c.h; path = ALSdk.h; sourceTree = "<group>"; };
		94AB1C4F1A975FE000F6A8CB /* ALSdkSettings.h */ = {isa = PBXFileReference; fileEncoding = 4; lastKnownFileType = sourcecode.c.h; path = ALSdkSettings.h; sourceTree = "<group>"; };
		94AB1C501A975FE000F6A8CB /* ALSwiftHeaders.h */ = {isa = PBXFileReference; fileEncoding = 4; lastKnownFileType = sourcecode.c.h; path = ALSwiftHeaders.h; sourceTree = "<group>"; };
		94AB1C511A975FE000F6A8CB /* ALTargetingData.h */ = {isa = PBXFileReference; fileEncoding = 4; lastKnownFileType = sourcecode.c.h; path = ALTargetingData.h; sourceTree = "<group>"; };
		94AB1C521A975FE000F6A8CB /* libAppLovinSdk.a */ = {isa = PBXFileReference; lastKnownFileType = archive.ar; path = libAppLovinSdk.a; sourceTree = "<group>"; };
		94AB1C531A975FE000F6A8CB /* Chartboost.framework */ = {isa = PBXFileReference; lastKnownFileType = wrapper.framework; path = Chartboost.framework; sourceTree = "<group>"; };
		94AB1C551A975FE000F6A8CB /* GoogleMobileAds.framework */ = {isa = PBXFileReference; lastKnownFileType = wrapper.framework; path = GoogleMobileAds.framework; sourceTree = "<group>"; };
		94AB1C561A975FE000F6A8CB /* README.txt */ = {isa = PBXFileReference; fileEncoding = 4; lastKnownFileType = text; path = README.txt; sourceTree = "<group>"; };
		94AB1C591A975FE000F6A8CB /* IMBanner.h */ = {isa = PBXFileReference; fileEncoding = 4; lastKnownFileType = sourcecode.c.h; path = IMBanner.h; sourceTree = "<group>"; };
		94AB1C5A1A975FE000F6A8CB /* IMBannerDelegate.h */ = {isa = PBXFileReference; fileEncoding = 4; lastKnownFileType = sourcecode.c.h; path = IMBannerDelegate.h; sourceTree = "<group>"; };
		94AB1C5B1A975FE000F6A8CB /* IMConstants.h */ = {isa = PBXFileReference; fileEncoding = 4; lastKnownFileType = sourcecode.c.h; path = IMConstants.h; sourceTree = "<group>"; };
		94AB1C5C1A975FE000F6A8CB /* IMError.h */ = {isa = PBXFileReference; fileEncoding = 4; lastKnownFileType = sourcecode.c.h; path = IMError.h; sourceTree = "<group>"; };
		94AB1C5D1A975FE000F6A8CB /* IMIncentivisedDelegate.h */ = {isa = PBXFileReference; fileEncoding = 4; lastKnownFileType = sourcecode.c.h; path = IMIncentivisedDelegate.h; sourceTree = "<group>"; };
		94AB1C5E1A975FE000F6A8CB /* IMInterstitial.h */ = {isa = PBXFileReference; fileEncoding = 4; lastKnownFileType = sourcecode.c.h; path = IMInterstitial.h; sourceTree = "<group>"; };
		94AB1C5F1A975FE000F6A8CB /* IMInterstitialDelegate.h */ = {isa = PBXFileReference; fileEncoding = 4; lastKnownFileType = sourcecode.c.h; path = IMInterstitialDelegate.h; sourceTree = "<group>"; };
		94AB1C601A975FE000F6A8CB /* IMNative.h */ = {isa = PBXFileReference; fileEncoding = 4; lastKnownFileType = sourcecode.c.h; path = IMNative.h; sourceTree = "<group>"; };
		94AB1C611A975FE000F6A8CB /* IMNativeDelegate.h */ = {isa = PBXFileReference; fileEncoding = 4; lastKnownFileType = sourcecode.c.h; path = IMNativeDelegate.h; sourceTree = "<group>"; };
		94AB1C621A975FE000F6A8CB /* InMobi.h */ = {isa = PBXFileReference; fileEncoding = 4; lastKnownFileType = sourcecode.c.h; path = InMobi.h; sourceTree = "<group>"; };
		94AB1C631A975FE000F6A8CB /* InMobiAnalytics.h */ = {isa = PBXFileReference; fileEncoding = 4; lastKnownFileType = sourcecode.c.h; path = InMobiAnalytics.h; sourceTree = "<group>"; };
		94AB1C641A975FE000F6A8CB /* libInMobi-4.5.1.a */ = {isa = PBXFileReference; lastKnownFileType = archive.ar; path = "libInMobi-4.5.1.a"; sourceTree = "<group>"; };
		94AB1C651A975FE000F6A8CB /* RevMobAds.framework */ = {isa = PBXFileReference; lastKnownFileType = wrapper.framework; path = RevMobAds.framework; sourceTree = "<group>"; };
		94AB1C671A975FE000F6A8CB /* StartApp.bundle */ = {isa = PBXFileReference; lastKnownFileType = "wrapper.plug-in"; path = StartApp.bundle; sourceTree = "<group>"; };
		94AB1C681A975FE000F6A8CB /* StartApp.framework */ = {isa = PBXFileReference; lastKnownFileType = wrapper.framework; path = StartApp.framework; sourceTree = "<group>"; };
		94AB1C6B1A975FE000F6A8CB /* __vungle.db */ = {isa = PBXFileReference; lastKnownFileType = file; path = __vungle.db; sourceTree = "<group>"; };
		94AB1C6C1A975FE000F6A8CB /* vg_close.png */ = {isa = PBXFileReference; lastKnownFileType = image.png; path = vg_close.png; sourceTree = "<group>"; };
		94AB1C6D1A975FE000F6A8CB /* vg_cta.png */ = {isa = PBXFileReference; lastKnownFileType = image.png; path = vg_cta.png; sourceTree = "<group>"; };
		94AB1C6E1A975FE000F6A8CB /* vg_mute_off.png */ = {isa = PBXFileReference; lastKnownFileType = image.png; path = vg_mute_off.png; sourceTree = "<group>"; };
		94AB1C6F1A975FE000F6A8CB /* vg_mute_on.png */ = {isa = PBXFileReference; lastKnownFileType = image.png; path = vg_mute_on.png; sourceTree = "<group>"; };
		94AB1C701A975FE000F6A8CB /* vg_timer.png */ = {isa = PBXFileReference; lastKnownFileType = image.png; path = vg_timer.png; sourceTree = "<group>"; };
		94AB1C711A975FE000F6A8CB /* VungleSDK.framework */ = {isa = PBXFileReference; lastKnownFileType = wrapper.framework; path = VungleSDK.framework; sourceTree = "<group>"; };
		94AB1C721A975FE000F6A8CB /* AdNetworks.txt */ = {isa = PBXFileReference; fileEncoding = 4; lastKnownFileType = text; path = AdNetworks.txt; sourceTree = "<group>"; };
		94AB1C731A975FE000F6A8CB /* AdTapsy.h */ = {isa = PBXFileReference; fileEncoding = 4; lastKnownFileType = sourcecode.c.h; path = AdTapsy.h; sourceTree = "<group>"; };
		94AB1C741A975FE000F6A8CB /* Changelog.txt */ = {isa = PBXFileReference; fileEncoding = 4; lastKnownFileType = text; path = Changelog.txt; sourceTree = "<group>"; };
		94AB1C751A975FE000F6A8CB /* libAdTapsy_device.a */ = {isa = PBXFileReference; lastKnownFileType = archive.ar; path = libAdTapsy_device.a; sourceTree = "<group>"; };
		94AB1C761A975FE000F6A8CB /* libAdTapsy_simulator.a */ = {isa = PBXFileReference; lastKnownFileType = archive.ar; path = libAdTapsy_simulator.a; sourceTree = "<group>"; };
		94AB1C8B1A97605600F6A8CB /* WebKit.framework */ = {isa = PBXFileReference; lastKnownFileType = wrapper.framework; name = WebKit.framework; path = System/Library/Frameworks/WebKit.framework; sourceTree = SDKROOT; };
		94C25A581947AC9300E48B73 /* AdTapsyDemo.app */ = {isa = PBXFileReference; explicitFileType = wrapper.application; includeInIndex = 0; path = AdTapsyDemo.app; sourceTree = BUILT_PRODUCTS_DIR; };
		94C25A5B1947AC9300E48B73 /* Foundation.framework */ = {isa = PBXFileReference; lastKnownFileType = wrapper.framework; name = Foundation.framework; path = System/Library/Frameworks/Foundation.framework; sourceTree = SDKROOT; };
		94C25A5D1947AC9300E48B73 /* CoreGraphics.framework */ = {isa = PBXFileReference; lastKnownFileType = wrapper.framework; name = CoreGraphics.framework; path = System/Library/Frameworks/CoreGraphics.framework; sourceTree = SDKROOT; };
		94C25A5F1947AC9300E48B73 /* UIKit.framework */ = {isa = PBXFileReference; lastKnownFileType = wrapper.framework; name = UIKit.framework; path = System/Library/Frameworks/UIKit.framework; sourceTree = SDKROOT; };
		94C25A631947AC9300E48B73 /* AdTapsyDemo-Info.plist */ = {isa = PBXFileReference; lastKnownFileType = text.plist.xml; path = "AdTapsyDemo-Info.plist"; sourceTree = "<group>"; };
		94C25A651947AC9300E48B73 /* en */ = {isa = PBXFileReference; lastKnownFileType = text.plist.strings; name = en; path = en.lproj/InfoPlist.strings; sourceTree = "<group>"; };
		94C25A671947AC9300E48B73 /* main.m */ = {isa = PBXFileReference; lastKnownFileType = sourcecode.c.objc; path = main.m; sourceTree = "<group>"; };
		94C25A691947AC9300E48B73 /* AdTapsyDemo-Prefix.pch */ = {isa = PBXFileReference; lastKnownFileType = sourcecode.c.h; path = "AdTapsyDemo-Prefix.pch"; sourceTree = "<group>"; };
		94C25A6A1947AC9300E48B73 /* AppDelegate.h */ = {isa = PBXFileReference; lastKnownFileType = sourcecode.c.h; path = AppDelegate.h; sourceTree = "<group>"; };
		94C25A6B1947AC9300E48B73 /* AppDelegate.m */ = {isa = PBXFileReference; lastKnownFileType = sourcecode.c.objc; path = AppDelegate.m; sourceTree = "<group>"; };
		94C25A6E1947AC9300E48B73 /* Base */ = {isa = PBXFileReference; lastKnownFileType = file.storyboard; name = Base; path = Base.lproj/Main_iPhone.storyboard; sourceTree = "<group>"; };
		94C25A711947AC9300E48B73 /* Base */ = {isa = PBXFileReference; lastKnownFileType = file.storyboard; name = Base; path = Base.lproj/Main_iPad.storyboard; sourceTree = "<group>"; };
		94C25A731947AC9300E48B73 /* ViewController.h */ = {isa = PBXFileReference; lastKnownFileType = sourcecode.c.h; path = ViewController.h; sourceTree = "<group>"; };
		94C25A741947AC9300E48B73 /* ViewController.m */ = {isa = PBXFileReference; lastKnownFileType = sourcecode.c.objc; path = ViewController.m; sourceTree = "<group>"; };
		94C25A761947AC9300E48B73 /* Images.xcassets */ = {isa = PBXFileReference; lastKnownFileType = folder.assetcatalog; path = Images.xcassets; sourceTree = "<group>"; };
		94C25A7C1947AC9300E48B73 /* AdTapsyDemoTests.xctest */ = {isa = PBXFileReference; explicitFileType = wrapper.cfbundle; includeInIndex = 0; path = AdTapsyDemoTests.xctest; sourceTree = BUILT_PRODUCTS_DIR; };
		94C25A7D1947AC9300E48B73 /* XCTest.framework */ = {isa = PBXFileReference; lastKnownFileType = wrapper.framework; name = XCTest.framework; path = Library/Frameworks/XCTest.framework; sourceTree = DEVELOPER_DIR; };
		94C25A851947AC9300E48B73 /* AdTapsyDemoTests-Info.plist */ = {isa = PBXFileReference; lastKnownFileType = text.plist.xml; path = "AdTapsyDemoTests-Info.plist"; sourceTree = "<group>"; };
		94C25A871947AC9300E48B73 /* en */ = {isa = PBXFileReference; lastKnownFileType = text.plist.strings; name = en; path = en.lproj/InfoPlist.strings; sourceTree = "<group>"; };
		94C25A891947AC9300E48B73 /* AdTapsyDemoTests.m */ = {isa = PBXFileReference; lastKnownFileType = sourcecode.c.objc; path = AdTapsyDemoTests.m; sourceTree = "<group>"; };
		94C25AEB1947ADF100E48B73 /* AdSupport.framework */ = {isa = PBXFileReference; lastKnownFileType = wrapper.framework; name = AdSupport.framework; path = System/Library/Frameworks/AdSupport.framework; sourceTree = SDKROOT; };
		94C25AED1947AE0900E48B73 /* SystemConfiguration.framework */ = {isa = PBXFileReference; lastKnownFileType = wrapper.framework; name = SystemConfiguration.framework; path = System/Library/Frameworks/SystemConfiguration.framework; sourceTree = SDKROOT; };
		94C25AEF1947AE1200E48B73 /* Security.framework */ = {isa = PBXFileReference; lastKnownFileType = wrapper.framework; name = Security.framework; path = System/Library/Frameworks/Security.framework; sourceTree = SDKROOT; };
		94C25AF11947AE1900E48B73 /* QuartzCore.framework */ = {isa = PBXFileReference; lastKnownFileType = wrapper.framework; name = QuartzCore.framework; path = System/Library/Frameworks/QuartzCore.framework; sourceTree = SDKROOT; };
		94C25AF31947AE1F00E48B73 /* MessageUI.framework */ = {isa = PBXFileReference; lastKnownFileType = wrapper.framework; name = MessageUI.framework; path = System/Library/Frameworks/MessageUI.framework; sourceTree = SDKROOT; };
		94C25AF51947AE2600E48B73 /* MediaPlayer.framework */ = {isa = PBXFileReference; lastKnownFileType = wrapper.framework; name = MediaPlayer.framework; path = System/Library/Frameworks/MediaPlayer.framework; sourceTree = SDKROOT; };
		94C25AF71947AE2D00E48B73 /* CoreTelephony.framework */ = {isa = PBXFileReference; lastKnownFileType = wrapper.framework; name = CoreTelephony.framework; path = System/Library/Frameworks/CoreTelephony.framework; sourceTree = SDKROOT; };
		94C25AF91947AE3500E48B73 /* CoreLocation.framework */ = {isa = PBXFileReference; lastKnownFileType = wrapper.framework; name = CoreLocation.framework; path = System/Library/Frameworks/CoreLocation.framework; sourceTree = SDKROOT; };
		94C25AFB1947AE3D00E48B73 /* CoreAudio.framework */ = {isa = PBXFileReference; lastKnownFileType = wrapper.framework; name = CoreAudio.framework; path = System/Library/Frameworks/CoreAudio.framework; sourceTree = SDKROOT; };
		94C25AFD1947AE4400E48B73 /* CFNetwork.framework */ = {isa = PBXFileReference; lastKnownFileType = wrapper.framework; name = CFNetwork.framework; path = System/Library/Frameworks/CFNetwork.framework; sourceTree = SDKROOT; };
		94C25AFF1947AE4A00E48B73 /* AVFoundation.framework */ = {isa = PBXFileReference; lastKnownFileType = wrapper.framework; name = AVFoundation.framework; path = System/Library/Frameworks/AVFoundation.framework; sourceTree = SDKROOT; };
		94C25B011947AE5200E48B73 /* AudioToolbox.framework */ = {isa = PBXFileReference; lastKnownFileType = wrapper.framework; name = AudioToolbox.framework; path = System/Library/Frameworks/AudioToolbox.framework; sourceTree = SDKROOT; };
		94C25B031947AE5B00E48B73 /* CoreMedia.framework */ = {isa = PBXFileReference; lastKnownFileType = wrapper.framework; name = CoreMedia.framework; path = System/Library/Frameworks/CoreMedia.framework; sourceTree = SDKROOT; };
		94C25B051947AE6300E48B73 /* StoreKit.framework */ = {isa = PBXFileReference; lastKnownFileType = wrapper.framework; name = StoreKit.framework; path = System/Library/Frameworks/StoreKit.framework; sourceTree = SDKROOT; };
		94C25B071947AE6900E48B73 /* Social.framework */ = {isa = PBXFileReference; lastKnownFileType = wrapper.framework; name = Social.framework; path = System/Library/Frameworks/Social.framework; sourceTree = SDKROOT; };
		94C25B091947AE7700E48B73 /* libz.dylib */ = {isa = PBXFileReference; lastKnownFileType = "compiled.mach-o.dylib"; name = libz.dylib; path = usr/lib/libz.dylib; sourceTree = SDKROOT; };
		94C25B0B1947AE7E00E48B73 /* libsqlite3.0.dylib */ = {isa = PBXFileReference; lastKnownFileType = "compiled.mach-o.dylib"; name = libsqlite3.0.dylib; path = usr/lib/libsqlite3.0.dylib; sourceTree = SDKROOT; };
		94C25B0D1947B34C00E48B73 /* EventKit.framework */ = {isa = PBXFileReference; lastKnownFileType = wrapper.framework; name = EventKit.framework; path = System/Library/Frameworks/EventKit.framework; sourceTree = SDKROOT; };
		94C25B0F1947B35B00E48B73 /* CoreData.framework */ = {isa = PBXFileReference; lastKnownFileType = wrapper.framework; name = CoreData.framework; path = System/Library/Frameworks/CoreData.framework; sourceTree = SDKROOT; };
		94C25B111947B36700E48B73 /* EventKitUI.framework */ = {isa = PBXFileReference; lastKnownFileType = wrapper.framework; name = EventKitUI.framework; path = System/Library/Frameworks/EventKitUI.framework; sourceTree = SDKROOT; };
/* End PBXFileReference section */

/* Begin PBXFrameworksBuildPhase section */
		94C25A551947AC9300E48B73 /* Frameworks */ = {
			isa = PBXFrameworksBuildPhase;
			buildActionMask = 2147483647;
			files = (
				94AB1C8C1A97605600F6A8CB /* WebKit.framework in Frameworks */,
				94AB1C7C1A975FE000F6A8CB /* libInMobi-4.5.1.a in Frameworks */,
				94AB1C7A1A975FE000F6A8CB /* GoogleMobileAds.framework in Frameworks */,
				94C25B0C1947AE7E00E48B73 /* libsqlite3.0.dylib in Frameworks */,
				94AB1C7F1A975FE000F6A8CB /* StartApp.framework in Frameworks */,
				94C25B0A1947AE7700E48B73 /* libz.dylib in Frameworks */,
				94C25AEC1947ADF100E48B73 /* AdSupport.framework in Frameworks */,
				94C25B081947AE6900E48B73 /* Social.framework in Frameworks */,
				94C25B0E1947B34C00E48B73 /* EventKit.framework in Frameworks */,
				94C25B061947AE6300E48B73 /* StoreKit.framework in Frameworks */,
				94C25B101947B35B00E48B73 /* CoreData.framework in Frameworks */,
				94AB1C771A975FE000F6A8CB /* AdColony.framework in Frameworks */,
				94C25B121947B36700E48B73 /* EventKitUI.framework in Frameworks */,
				94AB1C781A975FE000F6A8CB /* libAppLovinSdk.a in Frameworks */,
				94C25B041947AE5B00E48B73 /* CoreMedia.framework in Frameworks */,
				94C25B021947AE5200E48B73 /* AudioToolbox.framework in Frameworks */,
				94C25B001947AE4A00E48B73 /* AVFoundation.framework in Frameworks */,
				94C25AFE1947AE4400E48B73 /* CFNetwork.framework in Frameworks */,
				94C25AFC1947AE3D00E48B73 /* CoreAudio.framework in Frameworks */,
				94C25AFA1947AE3500E48B73 /* CoreLocation.framework in Frameworks */,
				94C25AF81947AE2D00E48B73 /* CoreTelephony.framework in Frameworks */,
				94C25AF61947AE2600E48B73 /* MediaPlayer.framework in Frameworks */,
				94C25AF41947AE1F00E48B73 /* MessageUI.framework in Frameworks */,
				94AB1C791A975FE000F6A8CB /* Chartboost.framework in Frameworks */,
				94C25AF21947AE1900E48B73 /* QuartzCore.framework in Frameworks */,
				94AB1C8A1A975FE100F6A8CB /* libAdTapsy_simulator.a in Frameworks */,
				94AB1C7D1A975FE000F6A8CB /* RevMobAds.framework in Frameworks */,
				94C25AF01947AE1200E48B73 /* Security.framework in Frameworks */,
				94AB1C861A975FE100F6A8CB /* VungleSDK.framework in Frameworks */,
				94C25AEE1947AE0900E48B73 /* SystemConfiguration.framework in Frameworks */,
				94C25A5E1947AC9300E48B73 /* CoreGraphics.framework in Frameworks */,
				94C25A601947AC9300E48B73 /* UIKit.framework in Frameworks */,
				94AB1C891A975FE100F6A8CB /* libAdTapsy_device.a in Frameworks */,
				94C25A5C1947AC9300E48B73 /* Foundation.framework in Frameworks */,
			);
			runOnlyForDeploymentPostprocessing = 0;
		};
		94C25A791947AC9300E48B73 /* Frameworks */ = {
			isa = PBXFrameworksBuildPhase;
			buildActionMask = 2147483647;
			files = (
				94C25A7E1947AC9300E48B73 /* XCTest.framework in Frameworks */,
				94C25A801947AC9300E48B73 /* UIKit.framework in Frameworks */,
				94C25A7F1947AC9300E48B73 /* Foundation.framework in Frameworks */,
			);
			runOnlyForDeploymentPostprocessing = 0;
		};
/* End PBXFrameworksBuildPhase section */

/* Begin PBXGroup section */
		9425C837199BC41D000053AD /* ios7 */ = {
			isa = PBXGroup;
			children = (
				9425C838199BC41D000053AD /* Icon-40.png */,
				9425C839199BC41D000053AD /* Icon-40@2x.png */,
				9425C83A199BC41D000053AD /* Icon-60.png */,
				9425C83B199BC41D000053AD /* Icon-60@2x.png */,
				9425C83C199BC41D000053AD /* Icon-72.png */,
				9425C83D199BC41D000053AD /* Icon-72@2x.png */,
				9425C83E199BC41D000053AD /* Icon-76.png */,
				9425C83F199BC41D000053AD /* Icon-76@2x.png */,
				9425C840199BC41D000053AD /* Icon-Small-50.png */,
				9425C841199BC41D000053AD /* Icon-Small-50@2x.png */,
				9425C842199BC41D000053AD /* Icon-Small.png */,
				9425C843199BC41D000053AD /* Icon-Small@2x.png */,
				9425C844199BC41D000053AD /* Icon.png */,
				9425C845199BC41D000053AD /* Icon@2x.png */,
				9425C846199BC41D000053AD /* iTunesArtwork.png */,
				9425C847199BC41D000053AD /* iTunesArtwork@2x.png */,
			);
			path = ios7;
			sourceTree = "<group>";
		};
		94AB1C3C1A975FE000F6A8CB /* AdTapsy */ = {
			isa = PBXGroup;
			children = (
				94AB1C3D1A975FE000F6A8CB /* AdNetworks */,
				94AB1C721A975FE000F6A8CB /* AdNetworks.txt */,
				94AB1C731A975FE000F6A8CB /* AdTapsy.h */,
				94AB1C741A975FE000F6A8CB /* Changelog.txt */,
				94AB1C751A975FE000F6A8CB /* libAdTapsy_device.a */,
				94AB1C761A975FE000F6A8CB /* libAdTapsy_simulator.a */,
			);
			name = AdTapsy;
			path = ../AdTapsy;
			sourceTree = "<group>";
		};
		94AB1C3D1A975FE000F6A8CB /* AdNetworks */ = {
			isa = PBXGroup;
			children = (
				94AB1C3E1A975FE000F6A8CB /* AdColony.framework */,
				94AB1C3F1A975FE000F6A8CB /* applovin-ios-sdk */,
				94AB1C531A975FE000F6A8CB /* Chartboost.framework */,
				94AB1C541A975FE000F6A8CB /* GoogleMobileAdsSdkiOS */,
				94AB1C571A975FE000F6A8CB /* InMobi-iOS-SDK */,
				94AB1C651A975FE000F6A8CB /* RevMobAds.framework */,
				94AB1C661A975FE000F6A8CB /* Startapp */,
				94AB1C691A975FE000F6A8CB /* VungleSDK.embeddedframework */,
			);
			path = AdNetworks;
			sourceTree = "<group>";
		};
		94AB1C3F1A975FE000F6A8CB /* applovin-ios-sdk */ = {
			isa = PBXGroup;
			children = (
				94AB1C401A975FE000F6A8CB /* headers */,
				94AB1C521A975FE000F6A8CB /* libAppLovinSdk.a */,
			);
			path = "applovin-ios-sdk";
			sourceTree = "<group>";
		};
		94AB1C401A975FE000F6A8CB /* headers */ = {
			isa = PBXGroup;
			children = (
				94AB1C411A975FE000F6A8CB /* ALAd.h */,
				94AB1C421A975FE000F6A8CB /* ALAdDisplayDelegate.h */,
				94AB1C431A975FE000F6A8CB /* ALAdLoadDelegate.h */,
				94AB1C441A975FE000F6A8CB /* ALAdRewardDelegate.h */,
				94AB1C451A975FE000F6A8CB /* ALAdService.h */,
				94AB1C461A975FE000F6A8CB /* ALAdSize.h */,
				94AB1C471A975FE000F6A8CB /* ALAdType.h */,
				94AB1C481A975FE000F6A8CB /* ALAdUpdateDelegate.h */,
				94AB1C491A975FE000F6A8CB /* ALAdVideoPlaybackDelegate.h */,
				94AB1C4A1A975FE000F6A8CB /* ALAdView.h */,
				94AB1C4B1A975FE000F6A8CB /* ALErrorCodes.h */,
				94AB1C4C1A975FE000F6A8CB /* ALIncentivizedInterstitialAd.h */,
				94AB1C4D1A975FE000F6A8CB /* ALInterstitialAd.h */,
				94AB1C4E1A975FE000F6A8CB /* ALSdk.h */,
				94AB1C4F1A975FE000F6A8CB /* ALSdkSettings.h */,
				94AB1C501A975FE000F6A8CB /* ALSwiftHeaders.h */,
				94AB1C511A975FE000F6A8CB /* ALTargetingData.h */,
			);
			path = headers;
			sourceTree = "<group>";
		};
		94AB1C541A975FE000F6A8CB /* GoogleMobileAdsSdkiOS */ = {
			isa = PBXGroup;
			children = (
				94AB1C551A975FE000F6A8CB /* GoogleMobileAds.framework */,
				94AB1C561A975FE000F6A8CB /* README.txt */,
			);
			path = GoogleMobileAdsSdkiOS;
			sourceTree = "<group>";
		};
		94AB1C571A975FE000F6A8CB /* InMobi-iOS-SDK */ = {
			isa = PBXGroup;
			children = (
				94AB1C581A975FE000F6A8CB /* Libs */,
			);
			path = "InMobi-iOS-SDK";
			sourceTree = "<group>";
		};
		94AB1C581A975FE000F6A8CB /* Libs */ = {
			isa = PBXGroup;
			children = (
				94AB1C591A975FE000F6A8CB /* IMBanner.h */,
				94AB1C5A1A975FE000F6A8CB /* IMBannerDelegate.h */,
				94AB1C5B1A975FE000F6A8CB /* IMConstants.h */,
				94AB1C5C1A975FE000F6A8CB /* IMError.h */,
				94AB1C5D1A975FE000F6A8CB /* IMIncentivisedDelegate.h */,
				94AB1C5E1A975FE000F6A8CB /* IMInterstitial.h */,
				94AB1C5F1A975FE000F6A8CB /* IMInterstitialDelegate.h */,
				94AB1C601A975FE000F6A8CB /* IMNative.h */,
				94AB1C611A975FE000F6A8CB /* IMNativeDelegate.h */,
				94AB1C621A975FE000F6A8CB /* InMobi.h */,
				94AB1C631A975FE000F6A8CB /* InMobiAnalytics.h */,
				94AB1C641A975FE000F6A8CB /* libInMobi-4.5.1.a */,
			);
			path = Libs;
			sourceTree = "<group>";
		};
		94AB1C661A975FE000F6A8CB /* Startapp */ = {
			isa = PBXGroup;
			children = (
				94AB1C671A975FE000F6A8CB /* StartApp.bundle */,
				94AB1C681A975FE000F6A8CB /* StartApp.framework */,
			);
			path = Startapp;
			sourceTree = "<group>";
		};
		94AB1C691A975FE000F6A8CB /* VungleSDK.embeddedframework */ = {
			isa = PBXGroup;
			children = (
				94AB1C6A1A975FE000F6A8CB /* Resources */,
				94AB1C711A975FE000F6A8CB /* VungleSDK.framework */,
			);
			path = VungleSDK.embeddedframework;
			sourceTree = "<group>";
		};
		94AB1C6A1A975FE000F6A8CB /* Resources */ = {
			isa = PBXGroup;
			children = (
				94AB1C6B1A975FE000F6A8CB /* __vungle.db */,
				94AB1C6C1A975FE000F6A8CB /* vg_close.png */,
				94AB1C6D1A975FE000F6A8CB /* vg_cta.png */,
				94AB1C6E1A975FE000F6A8CB /* vg_mute_off.png */,
				94AB1C6F1A975FE000F6A8CB /* vg_mute_on.png */,
				94AB1C701A975FE000F6A8CB /* vg_timer.png */,
			);
			path = Resources;
			sourceTree = "<group>";
		};
		94C25A4F1947AC9300E48B73 = {
			isa = PBXGroup;
			children = (
				94AB1C3C1A975FE000F6A8CB /* AdTapsy */,
				94C25A611947AC9300E48B73 /* AdTapsyDemo */,
				94C25A831947AC9300E48B73 /* AdTapsyDemoTests */,
				94C25A5A1947AC9300E48B73 /* Frameworks */,
				94C25A591947AC9300E48B73 /* Products */,
			);
			sourceTree = "<group>";
		};
		94C25A591947AC9300E48B73 /* Products */ = {
			isa = PBXGroup;
			children = (
				94C25A581947AC9300E48B73 /* AdTapsyDemo.app */,
				94C25A7C1947AC9300E48B73 /* AdTapsyDemoTests.xctest */,
			);
			name = Products;
			sourceTree = "<group>";
		};
		94C25A5A1947AC9300E48B73 /* Frameworks */ = {
			isa = PBXGroup;
			children = (
				94AB1C8B1A97605600F6A8CB /* WebKit.framework */,
				94C25B111947B36700E48B73 /* EventKitUI.framework */,
				94C25B0F1947B35B00E48B73 /* CoreData.framework */,
				94C25B0D1947B34C00E48B73 /* EventKit.framework */,
				94C25B0B1947AE7E00E48B73 /* libsqlite3.0.dylib */,
				94C25B091947AE7700E48B73 /* libz.dylib */,
				94C25B071947AE6900E48B73 /* Social.framework */,
				94C25B051947AE6300E48B73 /* StoreKit.framework */,
				94C25B031947AE5B00E48B73 /* CoreMedia.framework */,
				94C25B011947AE5200E48B73 /* AudioToolbox.framework */,
				94C25AFF1947AE4A00E48B73 /* AVFoundation.framework */,
				94C25AFD1947AE4400E48B73 /* CFNetwork.framework */,
				94C25AFB1947AE3D00E48B73 /* CoreAudio.framework */,
				94C25AF91947AE3500E48B73 /* CoreLocation.framework */,
				94C25AF71947AE2D00E48B73 /* CoreTelephony.framework */,
				94C25AF51947AE2600E48B73 /* MediaPlayer.framework */,
				94C25AF31947AE1F00E48B73 /* MessageUI.framework */,
				94C25AF11947AE1900E48B73 /* QuartzCore.framework */,
				94C25AEF1947AE1200E48B73 /* Security.framework */,
				94C25AED1947AE0900E48B73 /* SystemConfiguration.framework */,
				94C25AEB1947ADF100E48B73 /* AdSupport.framework */,
				94C25A5B1947AC9300E48B73 /* Foundation.framework */,
				94C25A5D1947AC9300E48B73 /* CoreGraphics.framework */,
				94C25A5F1947AC9300E48B73 /* UIKit.framework */,
				94C25A7D1947AC9300E48B73 /* XCTest.framework */,
			);
			name = Frameworks;
			sourceTree = "<group>";
		};
		94C25A611947AC9300E48B73 /* AdTapsyDemo */ = {
			isa = PBXGroup;
			children = (
				94C25A6A1947AC9300E48B73 /* AppDelegate.h */,
				94C25A6B1947AC9300E48B73 /* AppDelegate.m */,
				94C25A6D1947AC9300E48B73 /* Main_iPhone.storyboard */,
				94C25A701947AC9300E48B73 /* Main_iPad.storyboard */,
				94C25A731947AC9300E48B73 /* ViewController.h */,
				94C25A741947AC9300E48B73 /* ViewController.m */,
				94C25A761947AC9300E48B73 /* Images.xcassets */,
				94C25A621947AC9300E48B73 /* Supporting Files */,
			);
			path = AdTapsyDemo;
			sourceTree = "<group>";
		};
		94C25A621947AC9300E48B73 /* Supporting Files */ = {
			isa = PBXGroup;
			children = (
				9425C837199BC41D000053AD /* ios7 */,
				940540E4199B914300BAD9FA /* logo.png */,
				94C25A631947AC9300E48B73 /* AdTapsyDemo-Info.plist */,
				94C25A641947AC9300E48B73 /* InfoPlist.strings */,
				94C25A671947AC9300E48B73 /* main.m */,
				94C25A691947AC9300E48B73 /* AdTapsyDemo-Prefix.pch */,
			);
			name = "Supporting Files";
			sourceTree = "<group>";
		};
		94C25A831947AC9300E48B73 /* AdTapsyDemoTests */ = {
			isa = PBXGroup;
			children = (
				94C25A891947AC9300E48B73 /* AdTapsyDemoTests.m */,
				94C25A841947AC9300E48B73 /* Supporting Files */,
			);
			path = AdTapsyDemoTests;
			sourceTree = "<group>";
		};
		94C25A841947AC9300E48B73 /* Supporting Files */ = {
			isa = PBXGroup;
			children = (
				94C25A851947AC9300E48B73 /* AdTapsyDemoTests-Info.plist */,
				94C25A861947AC9300E48B73 /* InfoPlist.strings */,
			);
			name = "Supporting Files";
			sourceTree = "<group>";
		};
/* End PBXGroup section */

/* Begin PBXNativeTarget section */
		94C25A571947AC9300E48B73 /* AdTapsyDemo */ = {
			isa = PBXNativeTarget;
			buildConfigurationList = 94C25A8D1947AC9300E48B73 /* Build configuration list for PBXNativeTarget "AdTapsyDemo" */;
			buildPhases = (
				94C25A541947AC9300E48B73 /* Sources */,
				94C25A551947AC9300E48B73 /* Frameworks */,
				94C25A561947AC9300E48B73 /* Resources */,
			);
			buildRules = (
			);
			dependencies = (
			);
			name = AdTapsyDemo;
			productName = AdTapsyDemo;
			productReference = 94C25A581947AC9300E48B73 /* AdTapsyDemo.app */;
			productType = "com.apple.product-type.application";
		};
		94C25A7B1947AC9300E48B73 /* AdTapsyDemoTests */ = {
			isa = PBXNativeTarget;
			buildConfigurationList = 94C25A901947AC9300E48B73 /* Build configuration list for PBXNativeTarget "AdTapsyDemoTests" */;
			buildPhases = (
				94C25A781947AC9300E48B73 /* Sources */,
				94C25A791947AC9300E48B73 /* Frameworks */,
				94C25A7A1947AC9300E48B73 /* Resources */,
			);
			buildRules = (
			);
			dependencies = (
				94C25A821947AC9300E48B73 /* PBXTargetDependency */,
			);
			name = AdTapsyDemoTests;
			productName = AdTapsyDemoTests;
			productReference = 94C25A7C1947AC9300E48B73 /* AdTapsyDemoTests.xctest */;
			productType = "com.apple.product-type.bundle.unit-test";
		};
/* End PBXNativeTarget section */

/* Begin PBXProject section */
		94C25A501947AC9300E48B73 /* Project object */ = {
			isa = PBXProject;
			attributes = {
				LastUpgradeCheck = 0510;
				ORGANIZATIONNAME = "AdTapsy Ltd.";
				TargetAttributes = {
					94C25A7B1947AC9300E48B73 = {
						TestTargetID = 94C25A571947AC9300E48B73;
					};
				};
			};
			buildConfigurationList = 94C25A531947AC9300E48B73 /* Build configuration list for PBXProject "AdTapsyDemo" */;
			compatibilityVersion = "Xcode 3.2";
			developmentRegion = English;
			hasScannedForEncodings = 0;
			knownRegions = (
				en,
				Base,
			);
			mainGroup = 94C25A4F1947AC9300E48B73;
			productRefGroup = 94C25A591947AC9300E48B73 /* Products */;
			projectDirPath = "";
			projectRoot = "";
			targets = (
				94C25A571947AC9300E48B73 /* AdTapsyDemo */,
				94C25A7B1947AC9300E48B73 /* AdTapsyDemoTests */,
			);
		};
/* End PBXProject section */

/* Begin PBXResourcesBuildPhase section */
		94C25A561947AC9300E48B73 /* Resources */ = {
			isa = PBXResourcesBuildPhase;
			buildActionMask = 2147483647;
			files = (
				9425C854199BC41D000053AD /* Icon.png in Resources */,
				9425C857199BC41D000053AD /* iTunesArtwork@2x.png in Resources */,
				94AB1C7B1A975FE000F6A8CB /* README.txt in Resources */,
				94AB1C821A975FE100F6A8CB /* vg_cta.png in Resources */,
				9425C850199BC41D000053AD /* Icon-Small-50.png in Resources */,
				9425C852199BC41D000053AD /* Icon-Small.png in Resources */,
				94AB1C871A975FE100F6A8CB /* AdNetworks.txt in Resources */,
				9425C84D199BC41D000053AD /* Icon-72@2x.png in Resources */,
				9425C853199BC41D000053AD /* Icon-Small@2x.png in Resources */,
				94AB1C841A975FE100F6A8CB /* vg_mute_on.png in Resources */,
				94C25A721947AC9300E48B73 /* Main_iPad.storyboard in Resources */,
				9425C855199BC41D000053AD /* Icon@2x.png in Resources */,
				9425C856199BC41D000053AD /* iTunesArtwork.png in Resources */,
				940540E5199B914300BAD9FA /* logo.png in Resources */,
				9425C84B199BC41D000053AD /* Icon-60@2x.png in Resources */,
				9425C849199BC41D000053AD /* Icon-40@2x.png in Resources */,
				94AB1C881A975FE100F6A8CB /* Changelog.txt in Resources */,
				94C25A771947AC9300E48B73 /* Images.xcassets in Resources */,
				94C25A6F1947AC9300E48B73 /* Main_iPhone.storyboard in Resources */,
				94AB1C851A975FE100F6A8CB /* vg_timer.png in Resources */,
				9425C84C199BC41D000053AD /* Icon-72.png in Resources */,
				94AB1C7E1A975FE000F6A8CB /* StartApp.bundle in Resources */,
				94C25A661947AC9300E48B73 /* InfoPlist.strings in Resources */,
				9425C84F199BC41D000053AD /* Icon-76@2x.png in Resources */,
				9425C851199BC41D000053AD /* Icon-Small-50@2x.png in Resources */,
				9425C84E199BC41D000053AD /* Icon-76.png in Resources */,
				9425C848199BC41D000053AD /* Icon-40.png in Resources */,
				94AB1C801A975FE100F6A8CB /* __vungle.db in Resources */,
				94AB1C831A975FE100F6A8CB /* vg_mute_off.png in Resources */,
				94AB1C811A975FE100F6A8CB /* vg_close.png in Resources */,
				9425C84A199BC41D000053AD /* Icon-60.png in Resources */,
			);
			runOnlyForDeploymentPostprocessing = 0;
		};
		94C25A7A1947AC9300E48B73 /* Resources */ = {
			isa = PBXResourcesBuildPhase;
			buildActionMask = 2147483647;
			files = (
				94C25A881947AC9300E48B73 /* InfoPlist.strings in Resources */,
			);
			runOnlyForDeploymentPostprocessing = 0;
		};
/* End PBXResourcesBuildPhase section */

/* Begin PBXSourcesBuildPhase section */
		94C25A541947AC9300E48B73 /* Sources */ = {
			isa = PBXSourcesBuildPhase;
			buildActionMask = 2147483647;
			files = (
				94C25A751947AC9300E48B73 /* ViewController.m in Sources */,
				94C25A6C1947AC9300E48B73 /* AppDelegate.m in Sources */,
				94C25A681947AC9300E48B73 /* main.m in Sources */,
			);
			runOnlyForDeploymentPostprocessing = 0;
		};
		94C25A781947AC9300E48B73 /* Sources */ = {
			isa = PBXSourcesBuildPhase;
			buildActionMask = 2147483647;
			files = (
				94C25A8A1947AC9300E48B73 /* AdTapsyDemoTests.m in Sources */,
			);
			runOnlyForDeploymentPostprocessing = 0;
		};
/* End PBXSourcesBuildPhase section */

/* Begin PBXTargetDependency section */
		94C25A821947AC9300E48B73 /* PBXTargetDependency */ = {
			isa = PBXTargetDependency;
			target = 94C25A571947AC9300E48B73 /* AdTapsyDemo */;
			targetProxy = 94C25A811947AC9300E48B73 /* PBXContainerItemProxy */;
		};
/* End PBXTargetDependency section */

/* Begin PBXVariantGroup section */
		94C25A641947AC9300E48B73 /* InfoPlist.strings */ = {
			isa = PBXVariantGroup;
			children = (
				94C25A651947AC9300E48B73 /* en */,
			);
			name = InfoPlist.strings;
			sourceTree = "<group>";
		};
		94C25A6D1947AC9300E48B73 /* Main_iPhone.storyboard */ = {
			isa = PBXVariantGroup;
			children = (
				94C25A6E1947AC9300E48B73 /* Base */,
			);
			name = Main_iPhone.storyboard;
			sourceTree = "<group>";
		};
		94C25A701947AC9300E48B73 /* Main_iPad.storyboard */ = {
			isa = PBXVariantGroup;
			children = (
				94C25A711947AC9300E48B73 /* Base */,
			);
			name = Main_iPad.storyboard;
			sourceTree = "<group>";
		};
		94C25A861947AC9300E48B73 /* InfoPlist.strings */ = {
			isa = PBXVariantGroup;
			children = (
				94C25A871947AC9300E48B73 /* en */,
			);
			name = InfoPlist.strings;
			sourceTree = "<group>";
		};
/* End PBXVariantGroup section */

/* Begin XCBuildConfiguration section */
		94C25A8B1947AC9300E48B73 /* Debug */ = {
			isa = XCBuildConfiguration;
			buildSettings = {
				ALWAYS_SEARCH_USER_PATHS = NO;
				ARCHS = "$(ARCHS_STANDARD)";
				CLANG_CXX_LANGUAGE_STANDARD = "gnu++0x";
				CLANG_CXX_LIBRARY = "libc++";
				CLANG_ENABLE_MODULES = YES;
				CLANG_ENABLE_OBJC_ARC = YES;
				CLANG_WARN_BOOL_CONVERSION = YES;
				CLANG_WARN_CONSTANT_CONVERSION = YES;
				CLANG_WARN_DIRECT_OBJC_ISA_USAGE = YES_ERROR;
				CLANG_WARN_EMPTY_BODY = YES;
				CLANG_WARN_ENUM_CONVERSION = YES;
				CLANG_WARN_INT_CONVERSION = YES;
				CLANG_WARN_OBJC_ROOT_CLASS = YES_ERROR;
				CLANG_WARN__DUPLICATE_METHOD_MATCH = YES;
				"CODE_SIGN_IDENTITY[sdk=iphoneos*]" = "iPhone Developer";
				COPY_PHASE_STRIP = NO;
				GCC_C_LANGUAGE_STANDARD = gnu99;
				GCC_DYNAMIC_NO_PIC = NO;
				GCC_OPTIMIZATION_LEVEL = 0;
				GCC_PREPROCESSOR_DEFINITIONS = (
					"DEBUG=1",
					"$(inherited)",
				);
				GCC_SYMBOLS_PRIVATE_EXTERN = NO;
				GCC_WARN_64_TO_32_BIT_CONVERSION = YES;
				GCC_WARN_ABOUT_RETURN_TYPE = YES_ERROR;
				GCC_WARN_UNDECLARED_SELECTOR = YES;
				GCC_WARN_UNINITIALIZED_AUTOS = YES_AGGRESSIVE;
				GCC_WARN_UNUSED_FUNCTION = YES;
				GCC_WARN_UNUSED_VARIABLE = YES;
				IPHONEOS_DEPLOYMENT_TARGET = 6.0;
				ONLY_ACTIVE_ARCH = YES;
				SDKROOT = iphoneos;
				TARGETED_DEVICE_FAMILY = "1,2";
				VALID_ARCHS = "arm64 armv7s armv7";
			};
			name = Debug;
		};
		94C25A8C1947AC9300E48B73 /* Release */ = {
			isa = XCBuildConfiguration;
			buildSettings = {
				ALWAYS_SEARCH_USER_PATHS = NO;
				ARCHS = "$(ARCHS_STANDARD)";
				CLANG_CXX_LANGUAGE_STANDARD = "gnu++0x";
				CLANG_CXX_LIBRARY = "libc++";
				CLANG_ENABLE_MODULES = YES;
				CLANG_ENABLE_OBJC_ARC = YES;
				CLANG_WARN_BOOL_CONVERSION = YES;
				CLANG_WARN_CONSTANT_CONVERSION = YES;
				CLANG_WARN_DIRECT_OBJC_ISA_USAGE = YES_ERROR;
				CLANG_WARN_EMPTY_BODY = YES;
				CLANG_WARN_ENUM_CONVERSION = YES;
				CLANG_WARN_INT_CONVERSION = YES;
				CLANG_WARN_OBJC_ROOT_CLASS = YES_ERROR;
				CLANG_WARN__DUPLICATE_METHOD_MATCH = YES;
				"CODE_SIGN_IDENTITY[sdk=iphoneos*]" = "iPhone Developer";
				COPY_PHASE_STRIP = YES;
				ENABLE_NS_ASSERTIONS = NO;
				GCC_C_LANGUAGE_STANDARD = gnu99;
				GCC_WARN_64_TO_32_BIT_CONVERSION = YES;
				GCC_WARN_ABOUT_RETURN_TYPE = YES_ERROR;
				GCC_WARN_UNDECLARED_SELECTOR = YES;
				GCC_WARN_UNINITIALIZED_AUTOS = YES_AGGRESSIVE;
				GCC_WARN_UNUSED_FUNCTION = YES;
				GCC_WARN_UNUSED_VARIABLE = YES;
				IPHONEOS_DEPLOYMENT_TARGET = 6.0;
				SDKROOT = iphoneos;
				TARGETED_DEVICE_FAMILY = "1,2";
				VALIDATE_PRODUCT = YES;
				VALID_ARCHS = "arm64 armv7s armv7";
			};
			name = Release;
		};
		94C25A8E1947AC9300E48B73 /* Debug */ = {
			isa = XCBuildConfiguration;
			buildSettings = {
				ARCHS = "$(ARCHS_STANDARD)";
				ASSETCATALOG_COMPILER_APPICON_NAME = AppIcon;
				ASSETCATALOG_COMPILER_LAUNCHIMAGE_NAME = LaunchImage;
				FRAMEWORK_SEARCH_PATHS = (
					"$(inherited)",
					../AdTapsy/AdNetworks,
					../AdTapsy/AdNetworks/GoogleMobileAdsSdkiOS,
					../AdTapsy/AdNetworks/Startapp,
					../AdTapsy/AdNetworks/VungleSDK.embeddedframework,
				);
				GCC_PRECOMPILE_PREFIX_HEADER = YES;
				GCC_PREFIX_HEADER = "AdTapsyDemo/AdTapsyDemo-Prefix.pch";
				INFOPLIST_FILE = "AdTapsyDemo/AdTapsyDemo-Info.plist";
				IPHONEOS_DEPLOYMENT_TARGET = 6.0;
				LIBRARY_SEARCH_PATHS = (
					"$(inherited)",
					"../AdTapsy/AdNetworks/applovin-ios-sdk",
					"../AdTapsy/AdNetworks/InMobi-iOS-SDK/Libs",
					../AdTapsy,
				);
				OTHER_LDFLAGS = "-ObjC";
				PRODUCT_NAME = "$(TARGET_NAME)";
				VALID_ARCHS = "arm64 armv7 armv6";
				WRAPPER_EXTENSION = app;
			};
			name = Debug;
		};
		94C25A8F1947AC9300E48B73 /* Release */ = {
			isa = XCBuildConfiguration;
			buildSettings = {
				ARCHS = "$(ARCHS_STANDARD)";
				ASSETCATALOG_COMPILER_APPICON_NAME = AppIcon;
				ASSETCATALOG_COMPILER_LAUNCHIMAGE_NAME = LaunchImage;
				FRAMEWORK_SEARCH_PATHS = (
					"$(inherited)",
					../AdTapsy/AdNetworks,
					../AdTapsy/AdNetworks/GoogleMobileAdsSdkiOS,
					../AdTapsy/AdNetworks/Startapp,
					../AdTapsy/AdNetworks/VungleSDK.embeddedframework,
				);
				GCC_PRECOMPILE_PREFIX_HEADER = YES;
				GCC_PREFIX_HEADER = "AdTapsyDemo/AdTapsyDemo-Prefix.pch";
				INFOPLIST_FILE = "AdTapsyDemo/AdTapsyDemo-Info.plist";
				IPHONEOS_DEPLOYMENT_TARGET = 6.0;
				LIBRARY_SEARCH_PATHS = (
					"$(inherited)",
					"../AdTapsy/AdNetworks/applovin-ios-sdk",
					"../AdTapsy/AdNetworks/InMobi-iOS-SDK/Libs",
					../AdTapsy,
				);
				OTHER_LDFLAGS = "-ObjC";
				PRODUCT_NAME = "$(TARGET_NAME)";
				VALID_ARCHS = "arm64 armv7 armv6";
				WRAPPER_EXTENSION = app;
			};
			name = Release;
		};
		94C25A911947AC9300E48B73 /* Debug */ = {
			isa = XCBuildConfiguration;
			buildSettings = {
				BUNDLE_LOADER = "$(BUILT_PRODUCTS_DIR)/AdTapsyDemo.app/AdTapsyDemo";
				FRAMEWORK_SEARCH_PATHS = (
					"$(SDKROOT)/Developer/Library/Frameworks",
					"$(inherited)",
					"$(DEVELOPER_FRAMEWORKS_DIR)",
				);
				GCC_PRECOMPILE_PREFIX_HEADER = YES;
				GCC_PREFIX_HEADER = "AdTapsyDemo/AdTapsyDemo-Prefix.pch";
				GCC_PREPROCESSOR_DEFINITIONS = (
					"DEBUG=1",
					"$(inherited)",
				);
				INFOPLIST_FILE = "AdTapsyDemoTests/AdTapsyDemoTests-Info.plist";
				PRODUCT_NAME = "$(TARGET_NAME)";
				TEST_HOST = "$(BUNDLE_LOADER)";
				WRAPPER_EXTENSION = xctest;
			};
			name = Debug;
		};
		94C25A921947AC9300E48B73 /* Release */ = {
			isa = XCBuildConfiguration;
			buildSettings = {
				BUNDLE_LOADER = "$(BUILT_PRODUCTS_DIR)/AdTapsyDemo.app/AdTapsyDemo";
				FRAMEWORK_SEARCH_PATHS = (
					"$(SDKROOT)/Developer/Library/Frameworks",
					"$(inherited)",
					"$(DEVELOPER_FRAMEWORKS_DIR)",
				);
				GCC_PRECOMPILE_PREFIX_HEADER = YES;
				GCC_PREFIX_HEADER = "AdTapsyDemo/AdTapsyDemo-Prefix.pch";
				INFOPLIST_FILE = "AdTapsyDemoTests/AdTapsyDemoTests-Info.plist";
				PRODUCT_NAME = "$(TARGET_NAME)";
				TEST_HOST = "$(BUNDLE_LOADER)";
				WRAPPER_EXTENSION = xctest;
			};
			name = Release;
		};
/* End XCBuildConfiguration section */

/* Begin XCConfigurationList section */
		94C25A531947AC9300E48B73 /* Build configuration list for PBXProject "AdTapsyDemo" */ = {
			isa = XCConfigurationList;
			buildConfigurations = (
				94C25A8B1947AC9300E48B73 /* Debug */,
				94C25A8C1947AC9300E48B73 /* Release */,
			);
			defaultConfigurationIsVisible = 0;
			defaultConfigurationName = Release;
		};
		94C25A8D1947AC9300E48B73 /* Build configuration list for PBXNativeTarget "AdTapsyDemo" */ = {
			isa = XCConfigurationList;
			buildConfigurations = (
				94C25A8E1947AC9300E48B73 /* Debug */,
				94C25A8F1947AC9300E48B73 /* Release */,
			);
			defaultConfigurationIsVisible = 0;
			defaultConfigurationName = Release;
		};
		94C25A901947AC9300E48B73 /* Build configuration list for PBXNativeTarget "AdTapsyDemoTests" */ = {
			isa = XCConfigurationList;
			buildConfigurations = (
				94C25A911947AC9300E48B73 /* Debug */,
				94C25A921947AC9300E48B73 /* Release */,
			);
			defaultConfigurationIsVisible = 0;
			defaultConfigurationName = Release;
		};
/* End XCConfigurationList section */
	};
	rootObject = 94C25A501947AC9300E48B73 /* Project object */;
}
